// !$*UTF8*$!
{
	archiveVersion = 1;
	classes = {
	};
	objectVersion = 56;
	objects = {

/* Begin PBXBuildFile section */
		5338DB0A298646D60000CDFE /* AppDelegate.swift in Sources */ = {isa = PBXBuildFile; fileRef = 5338DB09298646D60000CDFE /* AppDelegate.swift */; };
		5338DB0C298646D60000CDFE /* SceneDelegate.swift in Sources */ = {isa = PBXBuildFile; fileRef = 5338DB0B298646D60000CDFE /* SceneDelegate.swift */; };
		5338DB11298646D60000CDFE /* Main.storyboard in Resources */ = {isa = PBXBuildFile; fileRef = 5338DB0F298646D60000CDFE /* Main.storyboard */; };
		5338DB13298646D70000CDFE /* Assets.xcassets in Resources */ = {isa = PBXBuildFile; fileRef = 5338DB12298646D70000CDFE /* Assets.xcassets */; };
		5338DB16298646D70000CDFE /* LaunchScreen.storyboard in Resources */ = {isa = PBXBuildFile; fileRef = 5338DB14298646D70000CDFE /* LaunchScreen.storyboard */; };
		5338DB2429864BC10000CDFE /* FemaleChatTableViewController.swift in Sources */ = {isa = PBXBuildFile; fileRef = 5338DB2329864BC10000CDFE /* FemaleChatTableViewController.swift */; };
		5338DB2629864BD00000CDFE /* MaleChatTableViewController.swift in Sources */ = {isa = PBXBuildFile; fileRef = 5338DB2529864BD00000CDFE /* MaleChatTableViewController.swift */; };
		5338DB2B29864CAF0000CDFE /* MaleTableViewCell.swift in Sources */ = {isa = PBXBuildFile; fileRef = 5338DB2A29864CAF0000CDFE /* MaleTableViewCell.swift */; };
		5338DB2D29864CBD0000CDFE /* FemaleTableViewCell.swift in Sources */ = {isa = PBXBuildFile; fileRef = 5338DB2C29864CBD0000CDFE /* FemaleTableViewCell.swift */; };
		5338DB2F298652480000CDFE /* ChatRoomModel.swift in Sources */ = {isa = PBXBuildFile; fileRef = 5338DB2E298652480000CDFE /* ChatRoomModel.swift */; };
		5338DB31298655030000CDFE /* FetchDataManager.swift in Sources */ = {isa = PBXBuildFile; fileRef = 5338DB30298655030000CDFE /* FetchDataManager.swift */; };
		5338DB33298696940000CDFE /* extension&publicFunction.swift in Sources */ = {isa = PBXBuildFile; fileRef = 5338DB32298696940000CDFE /* extension&publicFunction.swift */; };
/* End PBXBuildFile section */

/* Begin PBXFileReference section */
		5338DB06298646D60000CDFE /* ChatRoomPractice.app */ = {isa = PBXFileReference; explicitFileType = wrapper.application; includeInIndex = 0; path = ChatRoomPractice.app; sourceTree = BUILT_PRODUCTS_DIR; };
		5338DB09298646D60000CDFE /* AppDelegate.swift */ = {isa = PBXFileReference; lastKnownFileType = sourcecode.swift; path = AppDelegate.swift; sourceTree = "<group>"; };
		5338DB0B298646D60000CDFE /* SceneDelegate.swift */ = {isa = PBXFileReference; lastKnownFileType = sourcecode.swift; path = SceneDelegate.swift; sourceTree = "<group>"; };
		5338DB10298646D60000CDFE /* Base */ = {isa = PBXFileReference; lastKnownFileType = file.storyboard; name = Base; path = Base.lproj/Main.storyboard; sourceTree = "<group>"; };
		5338DB12298646D70000CDFE /* Assets.xcassets */ = {isa = PBXFileReference; lastKnownFileType = folder.assetcatalog; path = Assets.xcassets; sourceTree = "<group>"; };
		5338DB15298646D70000CDFE /* Base */ = {isa = PBXFileReference; lastKnownFileType = file.storyboard; name = Base; path = Base.lproj/LaunchScreen.storyboard; sourceTree = "<group>"; };
		5338DB17298646D70000CDFE /* Info.plist */ = {isa = PBXFileReference; lastKnownFileType = text.plist.xml; path = Info.plist; sourceTree = "<group>"; };
		5338DB2329864BC10000CDFE /* FemaleChatTableViewController.swift */ = {isa = PBXFileReference; lastKnownFileType = sourcecode.swift; path = FemaleChatTableViewController.swift; sourceTree = "<group>"; };
		5338DB2529864BD00000CDFE /* MaleChatTableViewController.swift */ = {isa = PBXFileReference; lastKnownFileType = sourcecode.swift; path = MaleChatTableViewController.swift; sourceTree = "<group>"; };
		5338DB2A29864CAF0000CDFE /* MaleTableViewCell.swift */ = {isa = PBXFileReference; lastKnownFileType = sourcecode.swift; path = MaleTableViewCell.swift; sourceTree = "<group>"; };
		5338DB2C29864CBD0000CDFE /* FemaleTableViewCell.swift */ = {isa = PBXFileReference; lastKnownFileType = sourcecode.swift; path = FemaleTableViewCell.swift; sourceTree = "<group>"; };
		5338DB2E298652480000CDFE /* ChatRoomModel.swift */ = {isa = PBXFileReference; lastKnownFileType = sourcecode.swift; path = ChatRoomModel.swift; sourceTree = "<group>"; };
		5338DB30298655030000CDFE /* FetchDataManager.swift */ = {isa = PBXFileReference; lastKnownFileType = sourcecode.swift; path = FetchDataManager.swift; sourceTree = "<group>"; };
		5338DB32298696940000CDFE /* extension&publicFunction.swift */ = {isa = PBXFileReference; lastKnownFileType = sourcecode.swift; path = "extension&publicFunction.swift"; sourceTree = "<group>"; };
/* End PBXFileReference section */

/* Begin PBXFrameworksBuildPhase section */
		5338DB03298646D60000CDFE /* Frameworks */ = {
			isa = PBXFrameworksBuildPhase;
			buildActionMask = 2147483647;
			files = (
			);
			runOnlyForDeploymentPostprocessing = 0;
		};
/* End PBXFrameworksBuildPhase section */

/* Begin PBXGroup section */
		5338DAFD298646D60000CDFE = {
			isa = PBXGroup;
			children = (
				5338DB08298646D60000CDFE /* ChatRoomPractice */,
				5338DB07298646D60000CDFE /* Products */,
			);
			sourceTree = "<group>";
		};
		5338DB07298646D60000CDFE /* Products */ = {
			isa = PBXGroup;
			children = (
				5338DB06298646D60000CDFE /* ChatRoomPractice.app */,
			);
			name = Products;
			sourceTree = "<group>";
		};
		5338DB08298646D60000CDFE /* ChatRoomPractice */ = {
			isa = PBXGroup;
			children = (
				534B904429881500003B5E5C /* Model */,
				5338DB2929864C790000CDFE /* View */,
				5338DB2829864C730000CDFE /* Controller */,
				5338DB2729864C2D0000CDFE /* StoryBoard */,
				5338DB09298646D60000CDFE /* AppDelegate.swift */,
				5338DB0B298646D60000CDFE /* SceneDelegate.swift */,
				5338DB12298646D70000CDFE /* Assets.xcassets */,
				5338DB17298646D70000CDFE /* Info.plist */,
			);
			path = ChatRoomPractice;
			sourceTree = "<group>";
		};
		5338DB2729864C2D0000CDFE /* StoryBoard */ = {
			isa = PBXGroup;
			children = (
				5338DB14298646D70000CDFE /* LaunchScreen.storyboard */,
				5338DB0F298646D60000CDFE /* Main.storyboard */,
			);
			path = StoryBoard;
			sourceTree = "<group>";
		};
		5338DB2829864C730000CDFE /* Controller */ = {
			isa = PBXGroup;
			children = (
				5338DB2529864BD00000CDFE /* MaleChatTableViewController.swift */,
				5338DB2329864BC10000CDFE /* FemaleChatTableViewController.swift */,
			);
			path = Controller;
			sourceTree = "<group>";
		};
		5338DB2929864C790000CDFE /* View */ = {
			isa = PBXGroup;
			children = (
				5338DB2A29864CAF0000CDFE /* MaleTableViewCell.swift */,
				5338DB2C29864CBD0000CDFE /* FemaleTableViewCell.swift */,
			);
			path = View;
			sourceTree = "<group>";
		};
		534B904429881500003B5E5C /* Model */ = {
			isa = PBXGroup;
			children = (
				5338DB2E298652480000CDFE /* ChatRoomModel.swift */,
				5338DB30298655030000CDFE /* FetchDataManager.swift */,
				5338DB32298696940000CDFE /* extension&publicFunction.swift */,
			);
			path = Model;
			sourceTree = "<group>";
		};
/* End PBXGroup section */

/* Begin PBXNativeTarget section */
		5338DB05298646D60000CDFE /* ChatRoomPractice */ = {
			isa = PBXNativeTarget;
			buildConfigurationList = 5338DB1A298646D70000CDFE /* Build configuration list for PBXNativeTarget "ChatRoomPractice" */;
			buildPhases = (
				5338DB02298646D60000CDFE /* Sources */,
				5338DB03298646D60000CDFE /* Frameworks */,
				5338DB04298646D60000CDFE /* Resources */,
			);
			buildRules = (
			);
			dependencies = (
			);
			name = ChatRoomPractice;
			productName = ChatRoomPractice;
			productReference = 5338DB06298646D60000CDFE /* ChatRoomPractice.app */;
			productType = "com.apple.product-type.application";
		};
/* End PBXNativeTarget section */

/* Begin PBXProject section */
		5338DAFE298646D60000CDFE /* Project object */ = {
			isa = PBXProject;
			attributes = {
				BuildIndependentTargetsInParallel = 1;
				LastSwiftUpdateCheck = 1420;
				LastUpgradeCheck = 1420;
				TargetAttributes = {
					5338DB05298646D60000CDFE = {
						CreatedOnToolsVersion = 14.2;
					};
				};
			};
			buildConfigurationList = 5338DB01298646D60000CDFE /* Build configuration list for PBXProject "ChatRoomPractice" */;
			compatibilityVersion = "Xcode 14.0";
			developmentRegion = en;
			hasScannedForEncodings = 0;
			knownRegions = (
				en,
				Base,
			);
			mainGroup = 5338DAFD298646D60000CDFE;
			productRefGroup = 5338DB07298646D60000CDFE /* Products */;
			projectDirPath = "";
			projectRoot = "";
			targets = (
				5338DB05298646D60000CDFE /* ChatRoomPractice */,
			);
		};
/* End PBXProject section */

/* Begin PBXResourcesBuildPhase section */
		5338DB04298646D60000CDFE /* Resources */ = {
			isa = PBXResourcesBuildPhase;
			buildActionMask = 2147483647;
			files = (
				5338DB16298646D70000CDFE /* LaunchScreen.storyboard in Resources */,
				5338DB13298646D70000CDFE /* Assets.xcassets in Resources */,
				5338DB11298646D60000CDFE /* Main.storyboard in Resources */,
			);
			runOnlyForDeploymentPostprocessing = 0;
		};
/* End PBXResourcesBuildPhase section */

/* Begin PBXSourcesBuildPhase section */
		5338DB02298646D60000CDFE /* Sources */ = {
			isa = PBXSourcesBuildPhase;
			buildActionMask = 2147483647;
			files = (
				5338DB31298655030000CDFE /* FetchDataManager.swift in Sources */,
				5338DB0A298646D60000CDFE /* AppDelegate.swift in Sources */,
				5338DB2B29864CAF0000CDFE /* MaleTableViewCell.swift in Sources */,
				5338DB33298696940000CDFE /* extension&publicFunction.swift in Sources */,
				5338DB2F298652480000CDFE /* ChatRoomModel.swift in Sources */,
				5338DB0C298646D60000CDFE /* SceneDelegate.swift in Sources */,
				5338DB2D29864CBD0000CDFE /* FemaleTableViewCell.swift in Sources */,
				5338DB2629864BD00000CDFE /* MaleChatTableViewController.swift in Sources */,
				5338DB2429864BC10000CDFE /* FemaleChatTableViewController.swift in Sources */,
			);
			runOnlyForDeploymentPostprocessing = 0;
		};
/* End PBXSourcesBuildPhase section */

/* Begin PBXVariantGroup section */
		5338DB0F298646D60000CDFE /* Main.storyboard */ = {
			isa = PBXVariantGroup;
			children = (
				5338DB10298646D60000CDFE /* Base */,
			);
			name = Main.storyboard;
			sourceTree = "<group>";
		};
		5338DB14298646D70000CDFE /* LaunchScreen.storyboard */ = {
			isa = PBXVariantGroup;
			children = (
				5338DB15298646D70000CDFE /* Base */,
			);
			name = LaunchScreen.storyboard;
			sourceTree = "<group>";
		};
/* End PBXVariantGroup section */

/* Begin XCBuildConfiguration section */
		5338DB18298646D70000CDFE /* Debug */ = {
			isa = XCBuildConfiguration;
			buildSettings = {
				ALWAYS_SEARCH_USER_PATHS = NO;
				CLANG_ANALYZER_NONNULL = YES;
				CLANG_ANALYZER_NUMBER_OBJECT_CONVERSION = YES_AGGRESSIVE;
				CLANG_CXX_LANGUAGE_STANDARD = "gnu++20";
				CLANG_ENABLE_MODULES = YES;
				CLANG_ENABLE_OBJC_ARC = YES;
				CLANG_ENABLE_OBJC_WEAK = YES;
				CLANG_WARN_BLOCK_CAPTURE_AUTORELEASING = YES;
				CLANG_WARN_BOOL_CONVERSION = YES;
				CLANG_WARN_COMMA = YES;
				CLANG_WARN_CONSTANT_CONVERSION = YES;
				CLANG_WARN_DEPRECATED_OBJC_IMPLEMENTATIONS = YES;
				CLANG_WARN_DIRECT_OBJC_ISA_USAGE = YES_ERROR;
				CLANG_WARN_DOCUMENTATION_COMMENTS = YES;
				CLANG_WARN_EMPTY_BODY = YES;
				CLANG_WARN_ENUM_CONVERSION = YES;
				CLANG_WARN_INFINITE_RECURSION = YES;
				CLANG_WARN_INT_CONVERSION = YES;
				CLANG_WARN_NON_LITERAL_NULL_CONVERSION = YES;
				CLANG_WARN_OBJC_IMPLICIT_RETAIN_SELF = YES;
				CLANG_WARN_OBJC_LITERAL_CONVERSION = YES;
				CLANG_WARN_OBJC_ROOT_CLASS = YES_ERROR;
				CLANG_WARN_QUOTED_INCLUDE_IN_FRAMEWORK_HEADER = YES;
				CLANG_WARN_RANGE_LOOP_ANALYSIS = YES;
				CLANG_WARN_STRICT_PROTOTYPES = YES;
				CLANG_WARN_SUSPICIOUS_MOVE = YES;
				CLANG_WARN_UNGUARDED_AVAILABILITY = YES_AGGRESSIVE;
				CLANG_WARN_UNREACHABLE_CODE = YES;
				CLANG_WARN__DUPLICATE_METHOD_MATCH = YES;
				COPY_PHASE_STRIP = NO;
				DEBUG_INFORMATION_FORMAT = dwarf;
				ENABLE_STRICT_OBJC_MSGSEND = YES;
				ENABLE_TESTABILITY = YES;
				GCC_C_LANGUAGE_STANDARD = gnu11;
				GCC_DYNAMIC_NO_PIC = NO;
				GCC_NO_COMMON_BLOCKS = YES;
				GCC_OPTIMIZATION_LEVEL = 0;
				GCC_PREPROCESSOR_DEFINITIONS = (
					"DEBUG=1",
					"$(inherited)",
				);
				GCC_WARN_64_TO_32_BIT_CONVERSION = YES;
				GCC_WARN_ABOUT_RETURN_TYPE = YES_ERROR;
				GCC_WARN_UNDECLARED_SELECTOR = YES;
				GCC_WARN_UNINITIALIZED_AUTOS = YES_AGGRESSIVE;
				GCC_WARN_UNUSED_FUNCTION = YES;
				GCC_WARN_UNUSED_VARIABLE = YES;
				IPHONEOS_DEPLOYMENT_TARGET = 16.2;
				MTL_ENABLE_DEBUG_INFO = INCLUDE_SOURCE;
				MTL_FAST_MATH = YES;
				ONLY_ACTIVE_ARCH = YES;
				SDKROOT = iphoneos;
				SWIFT_ACTIVE_COMPILATION_CONDITIONS = DEBUG;
				SWIFT_OPTIMIZATION_LEVEL = "-Onone";
			};
			name = Debug;
		};
		5338DB19298646D70000CDFE /* Release */ = {
			isa = XCBuildConfiguration;
			buildSettings = {
				ALWAYS_SEARCH_USER_PATHS = NO;
				CLANG_ANALYZER_NONNULL = YES;
				CLANG_ANALYZER_NUMBER_OBJECT_CONVERSION = YES_AGGRESSIVE;
				CLANG_CXX_LANGUAGE_STANDARD = "gnu++20";
				CLANG_ENABLE_MODULES = YES;
				CLANG_ENABLE_OBJC_ARC = YES;
				CLANG_ENABLE_OBJC_WEAK = YES;
				CLANG_WARN_BLOCK_CAPTURE_AUTORELEASING = YES;
				CLANG_WARN_BOOL_CONVERSION = YES;
				CLANG_WARN_COMMA = YES;
				CLANG_WARN_CONSTANT_CONVERSION = YES;
				CLANG_WARN_DEPRECATED_OBJC_IMPLEMENTATIONS = YES;
				CLANG_WARN_DIRECT_OBJC_ISA_USAGE = YES_ERROR;
				CLANG_WARN_DOCUMENTATION_COMMENTS = YES;
				CLANG_WARN_EMPTY_BODY = YES;
				CLANG_WARN_ENUM_CONVERSION = YES;
				CLANG_WARN_INFINITE_RECURSION = YES;
				CLANG_WARN_INT_CONVERSION = YES;
				CLANG_WARN_NON_LITERAL_NULL_CONVERSION = YES;
				CLANG_WARN_OBJC_IMPLICIT_RETAIN_SELF = YES;
				CLANG_WARN_OBJC_LITERAL_CONVERSION = YES;
				CLANG_WARN_OBJC_ROOT_CLASS = YES_ERROR;
				CLANG_WARN_QUOTED_INCLUDE_IN_FRAMEWORK_HEADER = YES;
				CLANG_WARN_RANGE_LOOP_ANALYSIS = YES;
				CLANG_WARN_STRICT_PROTOTYPES = YES;
				CLANG_WARN_SUSPICIOUS_MOVE = YES;
				CLANG_WARN_UNGUARDED_AVAILABILITY = YES_AGGRESSIVE;
				CLANG_WARN_UNREACHABLE_CODE = YES;
				CLANG_WARN__DUPLICATE_METHOD_MATCH = YES;
				COPY_PHASE_STRIP = NO;
				DEBUG_INFORMATION_FORMAT = "dwarf-with-dsym";
				ENABLE_NS_ASSERTIONS = NO;
				ENABLE_STRICT_OBJC_MSGSEND = YES;
				GCC_C_LANGUAGE_STANDARD = gnu11;
				GCC_NO_COMMON_BLOCKS = YES;
				GCC_WARN_64_TO_32_BIT_CONVERSION = YES;
				GCC_WARN_ABOUT_RETURN_TYPE = YES_ERROR;
				GCC_WARN_UNDECLARED_SELECTOR = YES;
				GCC_WARN_UNINITIALIZED_AUTOS = YES_AGGRESSIVE;
				GCC_WARN_UNUSED_FUNCTION = YES;
				GCC_WARN_UNUSED_VARIABLE = YES;
				IPHONEOS_DEPLOYMENT_TARGET = 16.2;
				MTL_ENABLE_DEBUG_INFO = NO;
				MTL_FAST_MATH = YES;
				SDKROOT = iphoneos;
				SWIFT_COMPILATION_MODE = wholemodule;
				SWIFT_OPTIMIZATION_LEVEL = "-O";
				VALIDATE_PRODUCT = YES;
			};
			name = Release;
		};
		5338DB1B298646D70000CDFE /* Debug */ = {
			isa = XCBuildConfiguration;
			buildSettings = {
				ASSETCATALOG_COMPILER_APPICON_NAME = AppIcon;
				ASSETCATALOG_COMPILER_GLOBAL_ACCENT_COLOR_NAME = AccentColor;
				CODE_SIGN_STYLE = Automatic;
				CURRENT_PROJECT_VERSION = 1;
				DEVELOPMENT_TEAM = K933FH7LZN;
				GENERATE_INFOPLIST_FILE = YES;
				INFOPLIST_FILE = ChatRoomPractice/Info.plist;
				INFOPLIST_KEY_UIApplicationSupportsIndirectInputEvents = YES;
				INFOPLIST_KEY_UILaunchStoryboardName = LaunchScreen;
				INFOPLIST_KEY_UIMainStoryboardFile = Main;
				INFOPLIST_KEY_UISupportedInterfaceOrientations_iPad = "UIInterfaceOrientationPortrait UIInterfaceOrientationPortraitUpsideDown UIInterfaceOrientationLandscapeLeft UIInterfaceOrientationLandscapeRight";
				INFOPLIST_KEY_UISupportedInterfaceOrientations_iPhone = "UIInterfaceOrientationPortrait UIInterfaceOrientationLandscapeLeft UIInterfaceOrientationLandscapeRight";
				LD_RUNPATH_SEARCH_PATHS = (
					"$(inherited)",
					"@executable_path/Frameworks",
				);
				MARKETING_VERSION = 1.0;
				PRODUCT_BUNDLE_IDENTIFIER = lyc7485.ChatRoomPractice;
				PRODUCT_NAME = "$(TARGET_NAME)";
				SWIFT_EMIT_LOC_STRINGS = YES;
				SWIFT_VERSION = 5.0;
				TARGETED_DEVICE_FAMILY = "1,2";
			};
			name = Debug;
		};
		5338DB1C298646D70000CDFE /* Release */ = {
			isa = XCBuildConfiguration;
			buildSettings = {
				ASSETCATALOG_COMPILER_APPICON_NAME = AppIcon;
				ASSETCATALOG_COMPILER_GLOBAL_ACCENT_COLOR_NAME = AccentColor;
				CODE_SIGN_STYLE = Automatic;
				CURRENT_PROJECT_VERSION = 1;
				DEVELOPMENT_TEAM = K933FH7LZN;
				GENERATE_INFOPLIST_FILE = YES;
				INFOPLIST_FILE = ChatRoomPractice/Info.plist;
				INFOPLIST_KEY_UIApplicationSupportsIndirectInputEvents = YES;
				INFOPLIST_KEY_UILaunchStoryboardName = LaunchScreen;
				INFOPLIST_KEY_UIMainStoryboardFile = Main;
				INFOPLIST_KEY_UISupportedInterfaceOrientations_iPad = "UIInterfaceOrientationPortrait UIInterfaceOrientationPortraitUpsideDown UIInterfaceOrientationLandscapeLeft UIInterfaceOrientationLandscapeRight";
				INFOPLIST_KEY_UISupportedInterfaceOrientations_iPhone = "UIInterfaceOrientationPortrait UIInterfaceOrientationLandscapeLeft UIInterfaceOrientationLandscapeRight";
				LD_RUNPATH_SEARCH_PATHS = (
					"$(inherited)",
					"@executable_path/Frameworks",
				);
				MARKETING_VERSION = 1.0;
				PRODUCT_BUNDLE_IDENTIFIER = lyc7485.ChatRoomPractice;
				PRODUCT_NAME = "$(TARGET_NAME)";
				SWIFT_EMIT_LOC_STRINGS = YES;
				SWIFT_VERSION = 5.0;
				TARGETED_DEVICE_FAMILY = "1,2";
			};
			name = Release;
		};
/* End XCBuildConfiguration section */

/* Begin XCConfigurationList section */
		5338DB01298646D60000CDFE /* Build configuration list for PBXProject "ChatRoomPractice" */ = {
			isa = XCConfigurationList;
			buildConfigurations = (
				5338DB18298646D70000CDFE /* Debug */,
				5338DB19298646D70000CDFE /* Release */,
			);
			defaultConfigurationIsVisible = 0;
			defaultConfigurationName = Release;
		};
		5338DB1A298646D70000CDFE /* Build configuration list for PBXNativeTarget "ChatRoomPractice" */ = {
			isa = XCConfigurationList;
			buildConfigurations = (
				5338DB1B298646D70000CDFE /* Debug */,
				5338DB1C298646D70000CDFE /* Release */,
			);
			defaultConfigurationIsVisible = 0;
			defaultConfigurationName = Release;
		};
/* End XCConfigurationList section */
	};
	rootObject = 5338DAFE298646D60000CDFE /* Project object */;
}
